
Microsoft Visual Studio Solution File, Format Version 12.00
# Visual Studio 15
VisualStudioVersion = 15.0.26124.0
MinimumVisualStudioVersion = 15.0.26124.0
Project("{FAE04EC0-301F-11D3-BF4B-00C04F79EFBC}") = "ServiceProject", "ServiceProject\ServiceProject.csproj", "{8FAF6970-950B-42B6-9A19-13221C698E28}"
EndProject
Project("{FAE04EC0-301F-11D3-BF4B-00C04F79EFBC}") = "NunitTest", "NunitTest\NunitTest.csproj", "{1F1E0471-0F2E-4AD8-A53C-74BFE5F2B8FB}"
EndProject
Global
	GlobalSection(SolutionConfigurationPlatforms) = preSolution
		Debug|Any CPU = Debug|Any CPU
		Debug|x64 = Debug|x64
		Debug|x86 = Debug|x86
		Release|Any CPU = Release|Any CPU
		Release|x64 = Release|x64
		Release|x86 = Release|x86
	EndGlobalSection
	GlobalSection(SolutionProperties) = preSolution
		HideSolutionNode = FALSE
	EndGlobalSection
	GlobalSection(ProjectConfigurationPlatforms) = postSolution
		{8FAF6970-950B-42B6-9A19-13221C698E28}.Debug|Any CPU.ActiveCfg = Debug|Any CPU
		{8FAF6970-950B-42B6-9A19-13221C698E28}.Debug|Any CPU.Build.0 = Debug|Any CPU
		{8FAF6970-950B-42B6-9A19-13221C698E28}.Debug|x64.ActiveCfg = Debug|Any CPU
		{8FAF6970-950B-42B6-9A19-13221C698E28}.Debug|x64.Build.0 = Debug|Any CPU
		{8FAF6970-950B-42B6-9A19-13221C698E28}.Debug|x86.ActiveCfg = Debug|Any CPU
		{8FAF6970-950B-42B6-9A19-13221C698E28}.Debug|x86.Build.0 = Debug|Any CPU
		{8FAF6970-950B-42B6-9A19-13221C698E28}.Release|Any CPU.ActiveCfg = Release|Any CPU
		{8FAF6970-950B-42B6-9A19-13221C698E28}.Release|Any CPU.Build.0 = Release|Any CPU
		{8FAF6970-950B-42B6-9A19-13221C698E28}.Release|x64.ActiveCfg = Release|Any CPU
		{8FAF6970-950B-42B6-9A19-13221C698E28}.Release|x64.Build.0 = Release|Any CPU
		{8FAF6970-950B-42B6-9A19-13221C698E28}.Release|x86.ActiveCfg = Release|Any CPU
		{8FAF6970-950B-42B6-9A19-13221C698E28}.Release|x86.Build.0 = Release|Any CPU
		{1F1E0471-0F2E-4AD8-A53C-74BFE5F2B8FB}.Debug|Any CPU.ActiveCfg = Debug|Any CPU
		{1F1E0471-0F2E-4AD8-A53C-74BFE5F2B8FB}.Debug|Any CPU.Build.0 = Debug|Any CPU
		{1F1E0471-0F2E-4AD8-A53C-74BFE5F2B8FB}.Debug|x64.ActiveCfg = Debug|Any CPU
		{1F1E0471-0F2E-4AD8-A53C-74BFE5F2B8FB}.Debug|x64.Build.0 = Debug|Any CPU
		{1F1E0471-0F2E-4AD8-A53C-74BFE5F2B8FB}.Debug|x86.ActiveCfg = Debug|Any CPU
		{1F1E0471-0F2E-4AD8-A53C-74BFE5F2B8FB}.Debug|x86.Build.0 = Debug|Any CPU
		{1F1E0471-0F2E-4AD8-A53C-74BFE5F2B8FB}.Release|Any CPU.ActiveCfg = Release|Any CPU
		{1F1E0471-0F2E-4AD8-A53C-74BFE5F2B8FB}.Release|Any CPU.Build.0 = Release|Any CPU
		{1F1E0471-0F2E-4AD8-A53C-74BFE5F2B8FB}.Release|x64.ActiveCfg = Release|Any CPU
		{1F1E0471-0F2E-4AD8-A53C-74BFE5F2B8FB}.Release|x64.Build.0 = Release|Any CPU
		{1F1E0471-0F2E-4AD8-A53C-74BFE5F2B8FB}.Release|x86.ActiveCfg = Release|Any CPU
		{1F1E0471-0F2E-4AD8-A53C-74BFE5F2B8FB}.Release|x86.Build.0 = Release|Any CPU
	EndGlobalSection
EndGlobal
